Microsoft Visual Studio Solution File, Format Version 12.00
# Visual Studio Version 17
VisualStudioVersion = 17.5.2.0
MinimumVisualStudioVersion = 10.0.40219.1
Project("{FAE04EC0-301F-11D3-BF4B-00C04F79EFBC}") = "Mzl.Video.Process", "Mzl.Video.Process\Mzl.Video.Process.csproj", "{B6528E33-2727-66FF-0251-58DAE91B0CED}"
EndProject
Global
	GlobalSection(SolutionConfigurationPlatforms) = preSolution
		Debug|Any CPU = Debug|Any CPU
		Release|Any CPU = Release|Any CPU
	EndGlobalSection
	GlobalSection(ProjectConfigurationPlatforms) = postSolution
		{B6528E33-2727-66FF-0251-58DAE91B0CED}.Debug|Any CPU.ActiveCfg = Debug|Any CPU
		{B6528E33-2727-66FF-0251-58DAE91B0CED}.Debug|Any CPU.Build.0 = Debug|Any CPU
		{B6528E33-2727-66FF-0251-58DAE91B0CED}.Release|Any CPU.ActiveCfg = Release|Any CPU
		{B6528E33-2727-66FF-0251-58DAE91B0CED}.Release|Any CPU.Build.0 = Release|Any CPU
	EndGlobalSection
	GlobalSection(SolutionProperties) = preSolution
		HideSolutionNode = FALSE
	EndGlobalSection
	GlobalSection(ExtensibilityGlobals) = postSolution
		SolutionGuid = {3228AC96-52D6-4E14-9961-0E6B3C1BA8FB}
	EndGlobalSection
EndGlobal
